{
  "lockfileVersion": 1,
  "configVersion": 1,
  "workspaces": {
    "": {
      "name": "findcity",
      "dependencies": {
        "fflate": "^0.8.2",
        "fuse.js": "^7.0.0",
        "papaparse": "^5.4.1",
      },
      "devDependencies": {
        "@types/papaparse": "^5.3.14",
        "typescript": "^5.5.0",
      },
    },
  },
  "packages": {
    "@types/node": ["@types/node@25.9.3", "https://registry.npmmirror.com/@types/node/-/node-25.9.3.tgz", { "dependencies": { "undici-types": ">=7.24.0 <7.24.7" } }, "sha512-603BddQMv3pUcr4U2dhujk83N2tTDVr/34wII2B6bJy6g+8WD6yUb11jszNs0gdi4PesVWl7ABt8nYMVpnLUcg=="],

    "@types/papaparse": ["@types/papaparse@5.5.2", "https://registry.npmmirror.com/@types/papaparse/-/papaparse-5.5.2.tgz", { "dependencies": { "@types/node": "*" } }, "sha512-gFnFp/JMzLHCwRf7tQHrNnfhN4eYBVYYI897CGX4MY1tzY9l2aLkVyx2IlKZ/SAqDbB3I1AOZW5gTMGGsqWliA=="],

    "fflate": ["fflate@0.8.3", "https://registry.npmmirror.com/fflate/-/fflate-0.8.3.tgz", {}, "sha512-tbZNuJrLwGUp3zshBtdy4W+ORxZuIh8a5ilyIEQDC5rY1f3U20JMry0Ll3WBzU58EZKsEuJFXhb5gwv8CsPvgA=="],

    "fuse.js": ["fuse.js@7.4.2", "https://registry.npmmirror.com/fuse.js/-/fuse.js-7.4.2.tgz", {}, "sha512-LVbzjD4WA6UP5B1UnP8wuaXJiLnqMdM/E4fiJXTJ5haJ5b/MBNsK29h2fm6swEoQaVQjvYFWKLE2RanyZIoRVQ=="],

    "papaparse": ["papaparse@5.5.3", "https://registry.npmmirror.com/papaparse/-/papaparse-5.5.3.tgz", {}, "sha512-5QvjGxYVjxO59MGU2lHVYpRWBBtKHnlIAcSe1uNFCkkptUh63NFRj0FJQm7nR67puEruUci/ZkjmEFrjCAyP4A=="],

    "typescript": ["typescript@5.9.3", "https://registry.npmmirror.com/typescript/-/typescript-5.9.3.tgz", { "bin": { "tsc": "bin/tsc", "tsserver": "bin/tsserver" } }, "sha512-jl1vZzPDinLr9eUt3J/t7V6FgNEw9QjvBPdysz9KfQDD41fQrC2Y4vKQdiaUpFT4bXlb1RHhLpp8wtm6M5TgSw=="],

    "undici-types": ["undici-types@7.24.6", "https://registry.npmmirror.com/undici-types/-/undici-types-7.24.6.tgz", {}, "sha512-WRNW+sJgj5OBN4/0JpHFqtqzhpbnV0GuB+OozA9gCL7a993SmU+1JBZCzLNxYsbMfIeDL+lTsphD5jN5N+n0zg=="],
  }
}
